
Microsoft Visual Studio Solution File, Format Version 12.00
# Visual Studio 15
VisualStudioVersion = 15.0.28307.168
MinimumVisualStudioVersion = 10.0.40219.1
Project("{8BC9CEB8-8B4A-11D0-8D11-00A0C91BC942}") = "Tests", "Tests\Tests.vcxproj", "{83F07D80-39B1-4170-958D-9945B958F77F}"
EndProject
Project("{2150E333-8FDC-42A3-9474-1A3956D46DE8}") = "Space", "Space", "{4C7E07BA-0C85-44BD-B44B-369976086376}"
	ProjectSection(SolutionItems) = preProject
		..\NormalizedVector.h = ..\NormalizedVector.h
		..\NormalizedXYVector.h = ..\NormalizedXYVector.h
		..\Point.h = ..\Point.h
		..\README.md = ..\README.md
		..\Space.h = ..\Space.h
		..\Vector.h = ..\Vector.h
		..\XYPoint.h = ..\XYPoint.h
		..\XYVector.h = ..\XYVector.h
	EndProjectSection
EndProject
Project("{2150E333-8FDC-42A3-9474-1A3956D46DE8}") = "detail", "detail", "{0563218E-2469-4A74-97DF-4941ACA3E60C}"
	ProjectSection(SolutionItems) = preProject
		..\detail\Base.h = ..\detail\Base.h
		..\detail\Helpers.h = ..\detail\Helpers.h
		..\detail\SpaceImpl.h = ..\detail\SpaceImpl.h
		..\detail\StaticAsserts.h = ..\detail\StaticAsserts.h
	EndProjectSection
EndProject
Global
	GlobalSection(SolutionConfigurationPlatforms) = preSolution
		Debug|x64 = Debug|x64
		Release|x64 = Release|x64
	EndGlobalSection
	GlobalSection(ProjectConfigurationPlatforms) = postSolution
		{83F07D80-39B1-4170-958D-9945B958F77F}.Debug|x64.ActiveCfg = Debug|x64
		{83F07D80-39B1-4170-958D-9945B958F77F}.Debug|x64.Build.0 = Debug|x64
		{83F07D80-39B1-4170-958D-9945B958F77F}.Release|x64.ActiveCfg = Release|x64
		{83F07D80-39B1-4170-958D-9945B958F77F}.Release|x64.Build.0 = Release|x64
	EndGlobalSection
	GlobalSection(SolutionProperties) = preSolution
		HideSolutionNode = FALSE
	EndGlobalSection
	GlobalSection(NestedProjects) = preSolution
		{0563218E-2469-4A74-97DF-4941ACA3E60C} = {4C7E07BA-0C85-44BD-B44B-369976086376}
	EndGlobalSection
	GlobalSection(ExtensibilityGlobals) = postSolution
		SolutionGuid = {2D201338-D7F8-4CE9-AA7D-877208156D5F}
	EndGlobalSection
EndGlobal
